
Microsoft Visual Studio Solution File, Format Version 12.00
# Visual Studio Version 17
VisualStudioVersion = 17.6.33829.357
MinimumVisualStudioVersion = 10.0.40219.1
Project("{FAE04EC0-301F-11D3-BF4B-00C04F79EFBC}") = "SlotMachine", "SlotMachine\SlotMachine.csproj", "{09531B02-DF7A-415E-80C3-BA701ECB5677}"
EndProject
Project("{FAE04EC0-301F-11D3-BF4B-00C04F79EFBC}") = "SlotMachineUnitTests", "SlotMachineUnitTests\SlotMachineUnitTests.csproj", "{B89C6C89-35AC-4C81-9DD4-67CF6E7EE68F}"
EndProject
Global
	GlobalSection(SolutionConfigurationPlatforms) = preSolution
		Debug|Any CPU = Debug|Any CPU
		Release|Any CPU = Release|Any CPU
	EndGlobalSection
	GlobalSection(ProjectConfigurationPlatforms) = postSolution
		{09531B02-DF7A-415E-80C3-BA701ECB5677}.Debug|Any CPU.ActiveCfg = Debug|Any CPU
		{09531B02-DF7A-415E-80C3-BA701ECB5677}.Debug|Any CPU.Build.0 = Debug|Any CPU
		{09531B02-DF7A-415E-80C3-BA701ECB5677}.Release|Any CPU.ActiveCfg = Release|Any CPU
		{09531B02-DF7A-415E-80C3-BA701ECB5677}.Release|Any CPU.Build.0 = Release|Any CPU
		{B89C6C89-35AC-4C81-9DD4-67CF6E7EE68F}.Debug|Any CPU.ActiveCfg = Debug|Any CPU
		{B89C6C89-35AC-4C81-9DD4-67CF6E7EE68F}.Debug|Any CPU.Build.0 = Debug|Any CPU
		{B89C6C89-35AC-4C81-9DD4-67CF6E7EE68F}.Release|Any CPU.ActiveCfg = Release|Any CPU
		{B89C6C89-35AC-4C81-9DD4-67CF6E7EE68F}.Release|Any CPU.Build.0 = Release|Any CPU
	EndGlobalSection
	GlobalSection(SolutionProperties) = preSolution
		HideSolutionNode = FALSE
	EndGlobalSection
	GlobalSection(ExtensibilityGlobals) = postSolution
		SolutionGuid = {C8175D11-ACCF-421E-B182-36E62407D0E1}
	EndGlobalSection
EndGlobal
